
Microsoft Visual Studio Solution File, Format Version 12.00
# Visual Studio Version 17
VisualStudioVersion = 17.0.32014.148
MinimumVisualStudioVersion = 10.0.40219.1
Project("{FAE04EC0-301F-11D3-BF4B-00C04F79EFBC}") = "bankApp", "bankApp\bankApp.csproj", "{D9C5F049-C376-4787-B03F-B480728A4334}"
EndProject
Global
	GlobalSection(SolutionConfigurationPlatforms) = preSolution
		Debug|Any CPU = Debug|Any CPU
		Release|Any CPU = Release|Any CPU
	EndGlobalSection
	GlobalSection(ProjectConfigurationPlatforms) = postSolution
		{D9C5F049-C376-4787-B03F-B480728A4334}.Debug|Any CPU.ActiveCfg = Debug|Any CPU
		{D9C5F049-C376-4787-B03F-B480728A4334}.Debug|Any CPU.Build.0 = Debug|Any CPU
		{D9C5F049-C376-4787-B03F-B480728A4334}.Release|Any CPU.ActiveCfg = Release|Any CPU
		{D9C5F049-C376-4787-B03F-B480728A4334}.Release|Any CPU.Build.0 = Release|Any CPU
	EndGlobalSection
	GlobalSection(SolutionProperties) = preSolution
		HideSolutionNode = FALSE
	EndGlobalSection
	GlobalSection(ExtensibilityGlobals) = postSolution
		SolutionGuid = {02058619-3016-438A-B2A3-BF7744232B71}
	EndGlobalSection
EndGlobal
